
Microsoft Visual Studio Solution File, Format Version 12.00
# Visual Studio 15
VisualStudioVersion = 15.0.28010.2026
MinimumVisualStudioVersion = 10.0.40219.1
Project("{8BC9CEB8-8B4A-11D0-8D11-00A0C91BC942}") = "Flyweight", "Flyweight\Flyweight.vcxproj", "{4F18A737-3A32-4799-96FA-56AB72F9B47F}"
EndProject
Global
	GlobalSection(SolutionConfigurationPlatforms) = preSolution
		Debug|x64 = Debug|x64
		Debug|x86 = Debug|x86
		Release|x64 = Release|x64
		Release|x86 = Release|x86
	EndGlobalSection
	GlobalSection(ProjectConfigurationPlatforms) = postSolution
		{4F18A737-3A32-4799-96FA-56AB72F9B47F}.Debug|x64.ActiveCfg = Debug|x64
		{4F18A737-3A32-4799-96FA-56AB72F9B47F}.Debug|x64.Build.0 = Debug|x64
		{4F18A737-3A32-4799-96FA-56AB72F9B47F}.Debug|x86.ActiveCfg = Debug|Win32
		{4F18A737-3A32-4799-96FA-56AB72F9B47F}.Debug|x86.Build.0 = Debug|Win32
		{4F18A737-3A32-4799-96FA-56AB72F9B47F}.Release|x64.ActiveCfg = Release|x64
		{4F18A737-3A32-4799-96FA-56AB72F9B47F}.Release|x64.Build.0 = Release|x64
		{4F18A737-3A32-4799-96FA-56AB72F9B47F}.Release|x86.ActiveCfg = Release|Win32
		{4F18A737-3A32-4799-96FA-56AB72F9B47F}.Release|x86.Build.0 = Release|Win32
	EndGlobalSection
	GlobalSection(SolutionProperties) = preSolution
		HideSolutionNode = FALSE
	EndGlobalSection
	GlobalSection(ExtensibilityGlobals) = postSolution
		SolutionGuid = {00FE699E-2F3B-49B6-BF52-498B0356855C}
	EndGlobalSection
EndGlobal
