
Microsoft Visual Studio Solution File, Format Version 12.00
# Visual Studio 15
VisualStudioVersion = 15.0.28010.2026
MinimumVisualStudioVersion = 10.0.40219.1
Project("{8BC9CEB8-8B4A-11D0-8D11-00A0C91BC942}") = "Adapter", "Adapter\Adapter.vcxproj", "{F8615646-0C09-4903-B3EE-B9302370667E}"
EndProject
Global
	GlobalSection(SolutionConfigurationPlatforms) = preSolution
		Debug|x64 = Debug|x64
		Debug|x86 = Debug|x86
		Release|x64 = Release|x64
		Release|x86 = Release|x86
	EndGlobalSection
	GlobalSection(ProjectConfigurationPlatforms) = postSolution
		{F8615646-0C09-4903-B3EE-B9302370667E}.Debug|x64.ActiveCfg = Debug|x64
		{F8615646-0C09-4903-B3EE-B9302370667E}.Debug|x64.Build.0 = Debug|x64
		{F8615646-0C09-4903-B3EE-B9302370667E}.Debug|x86.ActiveCfg = Debug|Win32
		{F8615646-0C09-4903-B3EE-B9302370667E}.Debug|x86.Build.0 = Debug|Win32
		{F8615646-0C09-4903-B3EE-B9302370667E}.Release|x64.ActiveCfg = Release|x64
		{F8615646-0C09-4903-B3EE-B9302370667E}.Release|x64.Build.0 = Release|x64
		{F8615646-0C09-4903-B3EE-B9302370667E}.Release|x86.ActiveCfg = Release|Win32
		{F8615646-0C09-4903-B3EE-B9302370667E}.Release|x86.Build.0 = Release|Win32
	EndGlobalSection
	GlobalSection(SolutionProperties) = preSolution
		HideSolutionNode = FALSE
	EndGlobalSection
	GlobalSection(ExtensibilityGlobals) = postSolution
		SolutionGuid = {57F5D82F-B54C-4ECA-8ACD-3D9078524EC0}
	EndGlobalSection
EndGlobal
